
Microsoft Visual Studio Solution File, Format Version 12.00
# Visual Studio 14
VisualStudioVersion = 14.0.23107.0
MinimumVisualStudioVersion = 10.0.40219.1
Project("{FAE04EC0-301F-11D3-BF4B-00C04F79EFBC}") = "Laundry.Web", "Laundry\Laundry.Web.csproj", "{93ABA408-C35B-4F19-BF22-5F3774EA0657}"
EndProject
Project("{00D1A9C2-B5F0-4AF3-8072-F6C62B433612}") = "Database", "LaundryDatabase\Database.sqlproj", "{06BB8AE0-4F63-48D6-B026-6D19D0D623CB}"
EndProject
Project("{FAE04EC0-301F-11D3-BF4B-00C04F79EFBC}") = "DataAccess", "DataAccess\DataAccess.csproj", "{B1728973-B8E4-4A49-830C-5FD7713A77F2}"
EndProject
Project("{FAE04EC0-301F-11D3-BF4B-00C04F79EFBC}") = "BusinessLogic", "BusinessLogic\BusinessLogic.csproj", "{13644314-82AF-4B05-8442-A2005AA2B7F2}"
EndProject
Project("{FAE04EC0-301F-11D3-BF4B-00C04F79EFBC}") = "DTO", "DTO\DTO.csproj", "{697F0800-ABE8-48EB-862F-479C7AEBAE42}"
EndProject
Global
	GlobalSection(SolutionConfigurationPlatforms) = preSolution
		Debug|Any CPU = Debug|Any CPU
		Debug|ARM = Debug|ARM
		Debug|x64 = Debug|x64
		Debug|x86 = Debug|x86
		Release|Any CPU = Release|Any CPU
		Release|ARM = Release|ARM
		Release|x64 = Release|x64
		Release|x86 = Release|x86
	EndGlobalSection
	GlobalSection(ProjectConfigurationPlatforms) = postSolution
		{93ABA408-C35B-4F19-BF22-5F3774EA0657}.Debug|Any CPU.ActiveCfg = Debug|Any CPU
		{93ABA408-C35B-4F19-BF22-5F3774EA0657}.Debug|Any CPU.Build.0 = Debug|Any CPU
		{93ABA408-C35B-4F19-BF22-5F3774EA0657}.Debug|ARM.ActiveCfg = Debug|Any CPU
		{93ABA408-C35B-4F19-BF22-5F3774EA0657}.Debug|ARM.Build.0 = Debug|Any CPU
		{93ABA408-C35B-4F19-BF22-5F3774EA0657}.Debug|x64.ActiveCfg = Debug|Any CPU
		{93ABA408-C35B-4F19-BF22-5F3774EA0657}.Debug|x64.Build.0 = Debug|Any CPU
		{93ABA408-C35B-4F19-BF22-5F3774EA0657}.Debug|x86.ActiveCfg = Debug|Any CPU
		{93ABA408-C35B-4F19-BF22-5F3774EA0657}.Debug|x86.Build.0 = Debug|Any CPU
		{93ABA408-C35B-4F19-BF22-5F3774EA0657}.Release|Any CPU.ActiveCfg = Release|Any CPU
		{93ABA408-C35B-4F19-BF22-5F3774EA0657}.Release|Any CPU.Build.0 = Release|Any CPU
		{93ABA408-C35B-4F19-BF22-5F3774EA0657}.Release|ARM.ActiveCfg = Release|Any CPU
		{93ABA408-C35B-4F19-BF22-5F3774EA0657}.Release|ARM.Build.0 = Release|Any CPU
		{93ABA408-C35B-4F19-BF22-5F3774EA0657}.Release|x64.ActiveCfg = Release|Any CPU
		{93ABA408-C35B-4F19-BF22-5F3774EA0657}.Release|x64.Build.0 = Release|Any CPU
		{93ABA408-C35B-4F19-BF22-5F3774EA0657}.Release|x86.ActiveCfg = Release|Any CPU
		{93ABA408-C35B-4F19-BF22-5F3774EA0657}.Release|x86.Build.0 = Release|Any CPU
		{06BB8AE0-4F63-48D6-B026-6D19D0D623CB}.Debug|Any CPU.ActiveCfg = Debug|Any CPU
		{06BB8AE0-4F63-48D6-B026-6D19D0D623CB}.Debug|Any CPU.Build.0 = Debug|Any CPU
		{06BB8AE0-4F63-48D6-B026-6D19D0D623CB}.Debug|Any CPU.Deploy.0 = Debug|Any CPU
		{06BB8AE0-4F63-48D6-B026-6D19D0D623CB}.Debug|ARM.ActiveCfg = Debug|Any CPU
		{06BB8AE0-4F63-48D6-B026-6D19D0D623CB}.Debug|ARM.Build.0 = Debug|Any CPU
		{06BB8AE0-4F63-48D6-B026-6D19D0D623CB}.Debug|ARM.Deploy.0 = Debug|Any CPU
		{06BB8AE0-4F63-48D6-B026-6D19D0D623CB}.Debug|x64.ActiveCfg = Debug|Any CPU
		{06BB8AE0-4F63-48D6-B026-6D19D0D623CB}.Debug|x64.Build.0 = Debug|Any CPU
		{06BB8AE0-4F63-48D6-B026-6D19D0D623CB}.Debug|x64.Deploy.0 = Debug|Any CPU
		{06BB8AE0-4F63-48D6-B026-6D19D0D623CB}.Debug|x86.ActiveCfg = Debug|Any CPU
		{06BB8AE0-4F63-48D6-B026-6D19D0D623CB}.Debug|x86.Build.0 = Debug|Any CPU
		{06BB8AE0-4F63-48D6-B026-6D19D0D623CB}.Debug|x86.Deploy.0 = Debug|Any CPU
		{06BB8AE0-4F63-48D6-B026-6D19D0D623CB}.Release|Any CPU.ActiveCfg = Release|Any CPU
		{06BB8AE0-4F63-48D6-B026-6D19D0D623CB}.Release|Any CPU.Build.0 = Release|Any CPU
		{06BB8AE0-4F63-48D6-B026-6D19D0D623CB}.Release|Any CPU.Deploy.0 = Release|Any CPU
		{06BB8AE0-4F63-48D6-B026-6D19D0D623CB}.Release|ARM.ActiveCfg = Release|Any CPU
		{06BB8AE0-4F63-48D6-B026-6D19D0D623CB}.Release|ARM.Build.0 = Release|Any CPU
		{06BB8AE0-4F63-48D6-B026-6D19D0D623CB}.Release|ARM.Deploy.0 = Release|Any CPU
		{06BB8AE0-4F63-48D6-B026-6D19D0D623CB}.Release|x64.ActiveCfg = Release|Any CPU
		{06BB8AE0-4F63-48D6-B026-6D19D0D623CB}.Release|x64.Build.0 = Release|Any CPU
		{06BB8AE0-4F63-48D6-B026-6D19D0D623CB}.Release|x64.Deploy.0 = Release|Any CPU
		{06BB8AE0-4F63-48D6-B026-6D19D0D623CB}.Release|x86.ActiveCfg = Release|Any CPU
		{06BB8AE0-4F63-48D6-B026-6D19D0D623CB}.Release|x86.Build.0 = Release|Any CPU
		{06BB8AE0-4F63-48D6-B026-6D19D0D623CB}.Release|x86.Deploy.0 = Release|Any CPU
		{B1728973-B8E4-4A49-830C-5FD7713A77F2}.Debug|Any CPU.ActiveCfg = Debug|Any CPU
		{B1728973-B8E4-4A49-830C-5FD7713A77F2}.Debug|Any CPU.Build.0 = Debug|Any CPU
		{B1728973-B8E4-4A49-830C-5FD7713A77F2}.Debug|ARM.ActiveCfg = Debug|Any CPU
		{B1728973-B8E4-4A49-830C-5FD7713A77F2}.Debug|ARM.Build.0 = Debug|Any CPU
		{B1728973-B8E4-4A49-830C-5FD7713A77F2}.Debug|x64.ActiveCfg = Debug|Any CPU
		{B1728973-B8E4-4A49-830C-5FD7713A77F2}.Debug|x64.Build.0 = Debug|Any CPU
		{B1728973-B8E4-4A49-830C-5FD7713A77F2}.Debug|x86.ActiveCfg = Debug|Any CPU
		{B1728973-B8E4-4A49-830C-5FD7713A77F2}.Debug|x86.Build.0 = Debug|Any CPU
		{B1728973-B8E4-4A49-830C-5FD7713A77F2}.Release|Any CPU.ActiveCfg = Release|Any CPU
		{B1728973-B8E4-4A49-830C-5FD7713A77F2}.Release|Any CPU.Build.0 = Release|Any CPU
		{B1728973-B8E4-4A49-830C-5FD7713A77F2}.Release|ARM.ActiveCfg = Release|Any CPU
		{B1728973-B8E4-4A49-830C-5FD7713A77F2}.Release|ARM.Build.0 = Release|Any CPU
		{B1728973-B8E4-4A49-830C-5FD7713A77F2}.Release|x64.ActiveCfg = Release|Any CPU
		{B1728973-B8E4-4A49-830C-5FD7713A77F2}.Release|x64.Build.0 = Release|Any CPU
		{B1728973-B8E4-4A49-830C-5FD7713A77F2}.Release|x86.ActiveCfg = Release|Any CPU
		{B1728973-B8E4-4A49-830C-5FD7713A77F2}.Release|x86.Build.0 = Release|Any CPU
		{13644314-82AF-4B05-8442-A2005AA2B7F2}.Debug|Any CPU.ActiveCfg = Debug|Any CPU
		{13644314-82AF-4B05-8442-A2005AA2B7F2}.Debug|Any CPU.Build.0 = Debug|Any CPU
		{13644314-82AF-4B05-8442-A2005AA2B7F2}.Debug|ARM.ActiveCfg = Debug|Any CPU
		{13644314-82AF-4B05-8442-A2005AA2B7F2}.Debug|ARM.Build.0 = Debug|Any CPU
		{13644314-82AF-4B05-8442-A2005AA2B7F2}.Debug|x64.ActiveCfg = Debug|Any CPU
		{13644314-82AF-4B05-8442-A2005AA2B7F2}.Debug|x64.Build.0 = Debug|Any CPU
		{13644314-82AF-4B05-8442-A2005AA2B7F2}.Debug|x86.ActiveCfg = Debug|Any CPU
		{13644314-82AF-4B05-8442-A2005AA2B7F2}.Debug|x86.Build.0 = Debug|Any CPU
		{13644314-82AF-4B05-8442-A2005AA2B7F2}.Release|Any CPU.ActiveCfg = Release|Any CPU
		{13644314-82AF-4B05-8442-A2005AA2B7F2}.Release|Any CPU.Build.0 = Release|Any CPU
		{13644314-82AF-4B05-8442-A2005AA2B7F2}.Release|ARM.ActiveCfg = Release|Any CPU
		{13644314-82AF-4B05-8442-A2005AA2B7F2}.Release|ARM.Build.0 = Release|Any CPU
		{13644314-82AF-4B05-8442-A2005AA2B7F2}.Release|x64.ActiveCfg = Release|Any CPU
		{13644314-82AF-4B05-8442-A2005AA2B7F2}.Release|x64.Build.0 = Release|Any CPU
		{13644314-82AF-4B05-8442-A2005AA2B7F2}.Release|x86.ActiveCfg = Release|Any CPU
		{13644314-82AF-4B05-8442-A2005AA2B7F2}.Release|x86.Build.0 = Release|Any CPU
		{697F0800-ABE8-48EB-862F-479C7AEBAE42}.Debug|Any CPU.ActiveCfg = Debug|Any CPU
		{697F0800-ABE8-48EB-862F-479C7AEBAE42}.Debug|Any CPU.Build.0 = Debug|Any CPU
		{697F0800-ABE8-48EB-862F-479C7AEBAE42}.Debug|ARM.ActiveCfg = Debug|Any CPU
		{697F0800-ABE8-48EB-862F-479C7AEBAE42}.Debug|ARM.Build.0 = Debug|Any CPU
		{697F0800-ABE8-48EB-862F-479C7AEBAE42}.Debug|x64.ActiveCfg = Debug|Any CPU
		{697F0800-ABE8-48EB-862F-479C7AEBAE42}.Debug|x64.Build.0 = Debug|Any CPU
		{697F0800-ABE8-48EB-862F-479C7AEBAE42}.Debug|x86.ActiveCfg = Debug|Any CPU
		{697F0800-ABE8-48EB-862F-479C7AEBAE42}.Debug|x86.Build.0 = Debug|Any CPU
		{697F0800-ABE8-48EB-862F-479C7AEBAE42}.Release|Any CPU.ActiveCfg = Release|Any CPU
		{697F0800-ABE8-48EB-862F-479C7AEBAE42}.Release|Any CPU.Build.0 = Release|Any CPU
		{697F0800-ABE8-48EB-862F-479C7AEBAE42}.Release|ARM.ActiveCfg = Release|Any CPU
		{697F0800-ABE8-48EB-862F-479C7AEBAE42}.Release|ARM.Build.0 = Release|Any CPU
		{697F0800-ABE8-48EB-862F-479C7AEBAE42}.Release|x64.ActiveCfg = Release|Any CPU
		{697F0800-ABE8-48EB-862F-479C7AEBAE42}.Release|x64.Build.0 = Release|Any CPU
		{697F0800-ABE8-48EB-862F-479C7AEBAE42}.Release|x86.ActiveCfg = Release|Any CPU
		{697F0800-ABE8-48EB-862F-479C7AEBAE42}.Release|x86.Build.0 = Release|Any CPU
	EndGlobalSection
	GlobalSection(SolutionProperties) = preSolution
		HideSolutionNode = FALSE
	EndGlobalSection
EndGlobal
